
Microsoft Visual Studio Solution File, Format Version 12.00
# Visual Studio 15
VisualStudioVersion = 15.0.27004.2005
MinimumVisualStudioVersion = 10.0.40219.1
Project("{FAE04EC0-301F-11D3-BF4B-00C04F79EFBC}") = "cbg", "cbg\cbg.csproj", "{F8A76BC1-7D4B-4032-BBD2-BA2F95020A95}"
EndProject
Global
	GlobalSection(SolutionConfigurationPlatforms) = preSolution
		Debug|Any CPU = Debug|Any CPU
		Release|Any CPU = Release|Any CPU
	EndGlobalSection
	GlobalSection(ProjectConfigurationPlatforms) = postSolution
		{F8A76BC1-7D4B-4032-BBD2-BA2F95020A95}.Debug|Any CPU.ActiveCfg = Debug|Any CPU
		{F8A76BC1-7D4B-4032-BBD2-BA2F95020A95}.Debug|Any CPU.Build.0 = Debug|Any CPU
		{F8A76BC1-7D4B-4032-BBD2-BA2F95020A95}.Release|Any CPU.ActiveCfg = Release|Any CPU
		{F8A76BC1-7D4B-4032-BBD2-BA2F95020A95}.Release|Any CPU.Build.0 = Release|Any CPU
	EndGlobalSection
	GlobalSection(SolutionProperties) = preSolution
		HideSolutionNode = FALSE
	EndGlobalSection
	GlobalSection(ExtensibilityGlobals) = postSolution
		SolutionGuid = {8A3E57BF-B737-4B33-B46E-EC55798A6357}
	EndGlobalSection
EndGlobal
